
Microsoft Visual Studio Solution File, Format Version 12.00
# Visual Studio Version 17
VisualStudioVersion = 17.8.34408.163
MinimumVisualStudioVersion = 10.0.40219.1
Project("{9A19103F-16F7-4668-BE54-9A1E7A4F7556}") = "Host", "API.Library\src\Host\Host.csproj", "{5F0AC18B-DD72-4F4A-9744-9B06A8200A9F}"
EndProject
Project("{9A19103F-16F7-4668-BE54-9A1E7A4F7556}") = "Application", "API.Library\src\Application\Application.csproj", "{16A3638D-7F33-4760-ACD6-4A5D9FD41378}"
EndProject
Project("{9A19103F-16F7-4668-BE54-9A1E7A4F7556}") = "Infrastructure", "API.Library\src\Infrastructure\Infrastructure.csproj", "{77E14633-E6E0-4D24-B70B-F13C3F4F237F}"
EndProject
Project("{9A19103F-16F7-4668-BE54-9A1E7A4F7556}") = "Domain", "API.Library\src\Domain\Domain.csproj", "{339A14C2-7F80-4EAC-A560-40DAC5A086F5}"
EndProject
Project("{9A19103F-16F7-4668-BE54-9A1E7A4F7556}") = "Migrators.MSSQL", "Migrators.MSSQL\Migrators.MSSQL.csproj", "{935F422C-5014-4253-A8B3-ADC313F403A2}"
EndProject
Project("{9A19103F-16F7-4668-BE54-9A1E7A4F7556}") = "Shared", "API.Library\src\Shared\Shared.csproj", "{F4355E89-22F5-4302-B673-F7D64645872E}"
EndProject
Project("{FAE04EC0-301F-11D3-BF4B-00C04F79EFBC}") = "LibraryAPI.Test", "Test.LibraryAPI\LibraryAPI.Test\LibraryAPI.Test.csproj", "{42094632-BD2B-4FB6-BBDC-2C0AF144EF48}"
EndProject
Global
	GlobalSection(SolutionConfigurationPlatforms) = preSolution
		Debug|Any CPU = Debug|Any CPU
		Release|Any CPU = Release|Any CPU
	EndGlobalSection
	GlobalSection(ProjectConfigurationPlatforms) = postSolution
		{5F0AC18B-DD72-4F4A-9744-9B06A8200A9F}.Debug|Any CPU.ActiveCfg = Debug|Any CPU
		{5F0AC18B-DD72-4F4A-9744-9B06A8200A9F}.Debug|Any CPU.Build.0 = Debug|Any CPU
		{5F0AC18B-DD72-4F4A-9744-9B06A8200A9F}.Release|Any CPU.ActiveCfg = Release|Any CPU
		{5F0AC18B-DD72-4F4A-9744-9B06A8200A9F}.Release|Any CPU.Build.0 = Release|Any CPU
		{16A3638D-7F33-4760-ACD6-4A5D9FD41378}.Debug|Any CPU.ActiveCfg = Debug|Any CPU
		{16A3638D-7F33-4760-ACD6-4A5D9FD41378}.Debug|Any CPU.Build.0 = Debug|Any CPU
		{16A3638D-7F33-4760-ACD6-4A5D9FD41378}.Release|Any CPU.ActiveCfg = Release|Any CPU
		{16A3638D-7F33-4760-ACD6-4A5D9FD41378}.Release|Any CPU.Build.0 = Release|Any CPU
		{77E14633-E6E0-4D24-B70B-F13C3F4F237F}.Debug|Any CPU.ActiveCfg = Debug|Any CPU
		{77E14633-E6E0-4D24-B70B-F13C3F4F237F}.Debug|Any CPU.Build.0 = Debug|Any CPU
		{77E14633-E6E0-4D24-B70B-F13C3F4F237F}.Release|Any CPU.ActiveCfg = Release|Any CPU
		{77E14633-E6E0-4D24-B70B-F13C3F4F237F}.Release|Any CPU.Build.0 = Release|Any CPU
		{339A14C2-7F80-4EAC-A560-40DAC5A086F5}.Debug|Any CPU.ActiveCfg = Debug|Any CPU
		{339A14C2-7F80-4EAC-A560-40DAC5A086F5}.Debug|Any CPU.Build.0 = Debug|Any CPU
		{339A14C2-7F80-4EAC-A560-40DAC5A086F5}.Release|Any CPU.ActiveCfg = Release|Any CPU
		{339A14C2-7F80-4EAC-A560-40DAC5A086F5}.Release|Any CPU.Build.0 = Release|Any CPU
		{935F422C-5014-4253-A8B3-ADC313F403A2}.Debug|Any CPU.ActiveCfg = Debug|Any CPU
		{935F422C-5014-4253-A8B3-ADC313F403A2}.Debug|Any CPU.Build.0 = Debug|Any CPU
		{935F422C-5014-4253-A8B3-ADC313F403A2}.Release|Any CPU.ActiveCfg = Release|Any CPU
		{935F422C-5014-4253-A8B3-ADC313F403A2}.Release|Any CPU.Build.0 = Release|Any CPU
		{F4355E89-22F5-4302-B673-F7D64645872E}.Debug|Any CPU.ActiveCfg = Debug|Any CPU
		{F4355E89-22F5-4302-B673-F7D64645872E}.Debug|Any CPU.Build.0 = Debug|Any CPU
		{F4355E89-22F5-4302-B673-F7D64645872E}.Release|Any CPU.ActiveCfg = Release|Any CPU
		{F4355E89-22F5-4302-B673-F7D64645872E}.Release|Any CPU.Build.0 = Release|Any CPU
		{42094632-BD2B-4FB6-BBDC-2C0AF144EF48}.Debug|Any CPU.ActiveCfg = Debug|Any CPU
		{42094632-BD2B-4FB6-BBDC-2C0AF144EF48}.Debug|Any CPU.Build.0 = Debug|Any CPU
		{42094632-BD2B-4FB6-BBDC-2C0AF144EF48}.Release|Any CPU.ActiveCfg = Release|Any CPU
		{42094632-BD2B-4FB6-BBDC-2C0AF144EF48}.Release|Any CPU.Build.0 = Release|Any CPU
	EndGlobalSection
	GlobalSection(SolutionProperties) = preSolution
		HideSolutionNode = FALSE
	EndGlobalSection
	GlobalSection(ExtensibilityGlobals) = postSolution
		SolutionGuid = {3EA2CE16-1C2D-40D3-8CD2-1C2F55F2731B}
	EndGlobalSection
EndGlobal
